
Microsoft Visual Studio Solution File, Format Version 12.00
# Visual Studio 15
VisualStudioVersion = 15.0.26430.15
MinimumVisualStudioVersion = 10.0.40219.1
Project("{FAE04EC0-301F-11D3-BF4B-00C04F79EFBC}") = "LibraryDemo", "LibraryDemo\LibraryDemo.csproj", "{FD202AA9-51AB-4945-9F8B-B2785B181E9E}"
	ProjectSection(ProjectDependencies) = postProject
		{13BD10C6-8EA9-4250-B54A-4A81D0037F93} = {13BD10C6-8EA9-4250-B54A-4A81D0037F93}
	EndProjectSection
EndProject
Project("{FAE04EC0-301F-11D3-BF4B-00C04F79EFBC}") = "LibraryDemo.DTO", "LibraryDemo.DTO\LibraryDemo.DTO.csproj", "{4E4C9C0F-CAE4-4DAC-9A68-5F6DBA2C933D}"
EndProject
Project("{FAE04EC0-301F-11D3-BF4B-00C04F79EFBC}") = "LibraryDemo.Service", "LibraryDemo.Service\LibraryDemo.Service.csproj", "{13BD10C6-8EA9-4250-B54A-4A81D0037F93}"
EndProject
Project("{FAE04EC0-301F-11D3-BF4B-00C04F79EFBC}") = "LibraryDemo.DAO", "LIbraryDemo.DAO\LibraryDemo.DAO.csproj", "{921A16AA-5248-45AF-8179-AB5EF8432C15}"
EndProject
Global
	GlobalSection(SolutionConfigurationPlatforms) = preSolution
		Debug|Any CPU = Debug|Any CPU
		Release|Any CPU = Release|Any CPU
	EndGlobalSection
	GlobalSection(ProjectConfigurationPlatforms) = postSolution
		{FD202AA9-51AB-4945-9F8B-B2785B181E9E}.Debug|Any CPU.ActiveCfg = Debug|Any CPU
		{FD202AA9-51AB-4945-9F8B-B2785B181E9E}.Debug|Any CPU.Build.0 = Debug|Any CPU
		{FD202AA9-51AB-4945-9F8B-B2785B181E9E}.Release|Any CPU.ActiveCfg = Release|Any CPU
		{FD202AA9-51AB-4945-9F8B-B2785B181E9E}.Release|Any CPU.Build.0 = Release|Any CPU
		{4E4C9C0F-CAE4-4DAC-9A68-5F6DBA2C933D}.Debug|Any CPU.ActiveCfg = Debug|Any CPU
		{4E4C9C0F-CAE4-4DAC-9A68-5F6DBA2C933D}.Debug|Any CPU.Build.0 = Debug|Any CPU
		{4E4C9C0F-CAE4-4DAC-9A68-5F6DBA2C933D}.Release|Any CPU.ActiveCfg = Release|Any CPU
		{4E4C9C0F-CAE4-4DAC-9A68-5F6DBA2C933D}.Release|Any CPU.Build.0 = Release|Any CPU
		{13BD10C6-8EA9-4250-B54A-4A81D0037F93}.Debug|Any CPU.ActiveCfg = Debug|Any CPU
		{13BD10C6-8EA9-4250-B54A-4A81D0037F93}.Debug|Any CPU.Build.0 = Debug|Any CPU
		{13BD10C6-8EA9-4250-B54A-4A81D0037F93}.Release|Any CPU.ActiveCfg = Release|Any CPU
		{13BD10C6-8EA9-4250-B54A-4A81D0037F93}.Release|Any CPU.Build.0 = Release|Any CPU
		{921A16AA-5248-45AF-8179-AB5EF8432C15}.Debug|Any CPU.ActiveCfg = Debug|Any CPU
		{921A16AA-5248-45AF-8179-AB5EF8432C15}.Debug|Any CPU.Build.0 = Debug|Any CPU
		{921A16AA-5248-45AF-8179-AB5EF8432C15}.Release|Any CPU.ActiveCfg = Release|Any CPU
		{921A16AA-5248-45AF-8179-AB5EF8432C15}.Release|Any CPU.Build.0 = Release|Any CPU
	EndGlobalSection
	GlobalSection(SolutionProperties) = preSolution
		HideSolutionNode = FALSE
	EndGlobalSection
EndGlobal
